
Microsoft Visual Studio Solution File, Format Version 12.00
# Visual Studio Version 17
VisualStudioVersion = 17.0.31903.59
MinimumVisualStudioVersion = 10.0.40219.1
Project("{2150E333-8FDC-42A3-9474-1A3956D46DE8}") = "DotNet", "DotNet", "{46008B91-6EC0-448B-8D1A-D8C6D2EEBEF4}"
EndProject
Project("{FAE04EC0-301F-11D3-BF4B-00C04F79EFBC}") = "DotNet.App", "DotNet\App\DotNet.App.csproj", "{CCF5D7E3-D5C6-4DE6-BB2D-1A931602F1AB}"
EndProject
Project("{FAE04EC0-301F-11D3-BF4B-00C04F79EFBC}") = "DotNet.Core", "DotNet\Core\DotNet.Core.csproj", "{20CA1FD3-A23B-4F12-ADA5-C3B759814F9D}"
EndProject
Project("{FAE04EC0-301F-11D3-BF4B-00C04F79EFBC}") = "DotNet.Hotfix", "DotNet\Hotfix\DotNet.Hotfix.csproj", "{1059524B-9F01-4C3E-8A7C-6BBDD1D174C7}"
EndProject
Project("{FAE04EC0-301F-11D3-BF4B-00C04F79EFBC}") = "DotNet.Model", "DotNet\Model\DotNet.Model.csproj", "{6AFC109E-85DE-4A14-9C81-95D93C3F90AE}"
EndProject
Project("{FAE04EC0-301F-11D3-BF4B-00C04F79EFBC}") = "DotNet.ThirdParty", "DotNet\ThirdParty\DotNet.ThirdParty.csproj", "{4B15C845-B5BD-4105-AE91-9B057F8AC134}"
EndProject
Project("{2150E333-8FDC-42A3-9474-1A3956D46DE8}") = "Share", "Share", "{1272AF7B-A962-4BA4-8A9C-FFA7E131A0AC}"
EndProject
Project("{FAE04EC0-301F-11D3-BF4B-00C04F79EFBC}") = "Share.Analyzer", "Share\Analyzer\Share.Analyzer.csproj", "{FCB2EF97-BA34-49F7-B859-68E1AC98877E}"
EndProject
Project("{FAE04EC0-301F-11D3-BF4B-00C04F79EFBC}") = "Share.Tool", "Share\Tool\Share.Tool.csproj", "{1D028A2B-515C-49E2-923B-094CBD89BE5A}"
EndProject
Project("{FAE04EC0-301F-11D3-BF4B-00C04F79EFBC}") = "DotNet.Loader", "DotNet\Loader\DotNet.Loader.csproj", "{1D5E890A-C9D5-45DF-B098-73DBE39EB311}"
EndProject
Project("{FAE04EC0-301F-11D3-BF4B-00C04F79EFBC}") = "Share.SourceGenerator", "Share\Share.SourceGenerator\Share.SourceGenerator.csproj", "{B29C9195-BEE7-4291-B57C-990425CDEF81}"
EndProject
Project("{2150E333-8FDC-42A3-9474-1A3956D46DE8}") = "Client", "Client", "{B8E3260F-234B-4663-9002-F67B2FC4B15E}"
EndProject
Project("{FAE04EC0-301F-11D3-BF4B-00C04F79EFBC}") = "ThirdParty", "Client\ThirdParty\ThirdParty.csproj", "{282BD9C1-E826-4D8E-AEB9-E024F110A683}"
EndProject
Project("{FAE04EC0-301F-11D3-BF4B-00C04F79EFBC}") = "Game.Core", "Client\Game.Core\Game.Core.csproj", "{6DF76C4A-B576-43B8-B079-457116445899}"
EndProject
Project("{FAE04EC0-301F-11D3-BF4B-00C04F79EFBC}") = "Game.Model", "Client\Game.Model\Game.Model.csproj", "{86787999-9156-4DC5-B88F-BDD15EA94FAF}"
EndProject
Project("{FAE04EC0-301F-11D3-BF4B-00C04F79EFBC}") = "Game.Hotfix", "Client\Game.Hotfix\Game.Hotfix.csproj", "{062E7EAC-C6BF-4498-BC93-9E0D86786D87}"
EndProject
Project("{FAE04EC0-301F-11D3-BF4B-00C04F79EFBC}") = "Engine.Windows", "Client\Engine.Windows\Engine.Windows.csproj", "{723E45AB-6C47-41DA-AD2E-C290B7356075}"
EndProject
Project("{FAE04EC0-301F-11D3-BF4B-00C04F79EFBC}") = "Engine", "Client\Engine\Engine.csproj", "{DD45FBF1-3622-4862-9015-D03B5473E4B9}"
EndProject
Global
	GlobalSection(SolutionConfigurationPlatforms) = preSolution
		Debug|Any CPU = Debug|Any CPU
		Debug|x64 = Debug|x64
		Debug|x86 = Debug|x86
		Release|Any CPU = Release|Any CPU
		Release|x64 = Release|x64
		Release|x86 = Release|x86
	EndGlobalSection
	GlobalSection(ProjectConfigurationPlatforms) = postSolution
		{CCF5D7E3-D5C6-4DE6-BB2D-1A931602F1AB}.Debug|x64.ActiveCfg = Debug|Any CPU
		{CCF5D7E3-D5C6-4DE6-BB2D-1A931602F1AB}.Debug|x64.Build.0 = Debug|Any CPU
		{CCF5D7E3-D5C6-4DE6-BB2D-1A931602F1AB}.Debug|x86.ActiveCfg = Debug|Any CPU
		{CCF5D7E3-D5C6-4DE6-BB2D-1A931602F1AB}.Debug|x86.Build.0 = Debug|Any CPU
		{CCF5D7E3-D5C6-4DE6-BB2D-1A931602F1AB}.Release|Any CPU.ActiveCfg = Release|Any CPU
		{CCF5D7E3-D5C6-4DE6-BB2D-1A931602F1AB}.Release|Any CPU.Build.0 = Release|Any CPU
		{CCF5D7E3-D5C6-4DE6-BB2D-1A931602F1AB}.Release|x64.ActiveCfg = Release|Any CPU
		{CCF5D7E3-D5C6-4DE6-BB2D-1A931602F1AB}.Release|x64.Build.0 = Release|Any CPU
		{CCF5D7E3-D5C6-4DE6-BB2D-1A931602F1AB}.Release|x86.ActiveCfg = Release|Any CPU
		{CCF5D7E3-D5C6-4DE6-BB2D-1A931602F1AB}.Release|x86.Build.0 = Release|Any CPU
		{CCF5D7E3-D5C6-4DE6-BB2D-1A931602F1AB}.Debug|Any CPU.ActiveCfg = Debug|Any CPU
		{CCF5D7E3-D5C6-4DE6-BB2D-1A931602F1AB}.Debug|Any CPU.Build.0 = Debug|Any CPU
		{20CA1FD3-A23B-4F12-ADA5-C3B759814F9D}.Debug|x64.ActiveCfg = Debug|Any CPU
		{20CA1FD3-A23B-4F12-ADA5-C3B759814F9D}.Debug|x64.Build.0 = Debug|Any CPU
		{20CA1FD3-A23B-4F12-ADA5-C3B759814F9D}.Debug|x86.ActiveCfg = Debug|Any CPU
		{20CA1FD3-A23B-4F12-ADA5-C3B759814F9D}.Debug|x86.Build.0 = Debug|Any CPU
		{20CA1FD3-A23B-4F12-ADA5-C3B759814F9D}.Release|Any CPU.ActiveCfg = Release|Any CPU
		{20CA1FD3-A23B-4F12-ADA5-C3B759814F9D}.Release|Any CPU.Build.0 = Release|Any CPU
		{20CA1FD3-A23B-4F12-ADA5-C3B759814F9D}.Release|x64.ActiveCfg = Release|Any CPU
		{20CA1FD3-A23B-4F12-ADA5-C3B759814F9D}.Release|x64.Build.0 = Release|Any CPU
		{20CA1FD3-A23B-4F12-ADA5-C3B759814F9D}.Release|x86.ActiveCfg = Release|Any CPU
		{20CA1FD3-A23B-4F12-ADA5-C3B759814F9D}.Release|x86.Build.0 = Release|Any CPU
		{20CA1FD3-A23B-4F12-ADA5-C3B759814F9D}.Debug|Any CPU.ActiveCfg = Debug|Any CPU
		{20CA1FD3-A23B-4F12-ADA5-C3B759814F9D}.Debug|Any CPU.Build.0 = Debug|Any CPU
		{1059524B-9F01-4C3E-8A7C-6BBDD1D174C7}.Debug|x64.ActiveCfg = Debug|Any CPU
		{1059524B-9F01-4C3E-8A7C-6BBDD1D174C7}.Debug|x64.Build.0 = Debug|Any CPU
		{1059524B-9F01-4C3E-8A7C-6BBDD1D174C7}.Debug|x86.ActiveCfg = Debug|Any CPU
		{1059524B-9F01-4C3E-8A7C-6BBDD1D174C7}.Debug|x86.Build.0 = Debug|Any CPU
		{1059524B-9F01-4C3E-8A7C-6BBDD1D174C7}.Release|Any CPU.ActiveCfg = Release|Any CPU
		{1059524B-9F01-4C3E-8A7C-6BBDD1D174C7}.Release|Any CPU.Build.0 = Release|Any CPU
		{1059524B-9F01-4C3E-8A7C-6BBDD1D174C7}.Release|x64.ActiveCfg = Release|Any CPU
		{1059524B-9F01-4C3E-8A7C-6BBDD1D174C7}.Release|x64.Build.0 = Release|Any CPU
		{1059524B-9F01-4C3E-8A7C-6BBDD1D174C7}.Release|x86.ActiveCfg = Release|Any CPU
		{1059524B-9F01-4C3E-8A7C-6BBDD1D174C7}.Release|x86.Build.0 = Release|Any CPU
		{1059524B-9F01-4C3E-8A7C-6BBDD1D174C7}.Debug|Any CPU.ActiveCfg = Debug|Any CPU
		{1059524B-9F01-4C3E-8A7C-6BBDD1D174C7}.Debug|Any CPU.Build.0 = Debug|Any CPU
		{6AFC109E-85DE-4A14-9C81-95D93C3F90AE}.Debug|x64.ActiveCfg = Debug|Any CPU
		{6AFC109E-85DE-4A14-9C81-95D93C3F90AE}.Debug|x64.Build.0 = Debug|Any CPU
		{6AFC109E-85DE-4A14-9C81-95D93C3F90AE}.Debug|x86.ActiveCfg = Debug|Any CPU
		{6AFC109E-85DE-4A14-9C81-95D93C3F90AE}.Debug|x86.Build.0 = Debug|Any CPU
		{6AFC109E-85DE-4A14-9C81-95D93C3F90AE}.Release|Any CPU.ActiveCfg = Release|Any CPU
		{6AFC109E-85DE-4A14-9C81-95D93C3F90AE}.Release|Any CPU.Build.0 = Release|Any CPU
		{6AFC109E-85DE-4A14-9C81-95D93C3F90AE}.Release|x64.ActiveCfg = Release|Any CPU
		{6AFC109E-85DE-4A14-9C81-95D93C3F90AE}.Release|x64.Build.0 = Release|Any CPU
		{6AFC109E-85DE-4A14-9C81-95D93C3F90AE}.Release|x86.ActiveCfg = Release|Any CPU
		{6AFC109E-85DE-4A14-9C81-95D93C3F90AE}.Release|x86.Build.0 = Release|Any CPU
		{6AFC109E-85DE-4A14-9C81-95D93C3F90AE}.Debug|Any CPU.ActiveCfg = Debug|Any CPU
		{6AFC109E-85DE-4A14-9C81-95D93C3F90AE}.Debug|Any CPU.Build.0 = Debug|Any CPU
		{4B15C845-B5BD-4105-AE91-9B057F8AC134}.Debug|x64.ActiveCfg = Debug|Any CPU
		{4B15C845-B5BD-4105-AE91-9B057F8AC134}.Debug|x64.Build.0 = Debug|Any CPU
		{4B15C845-B5BD-4105-AE91-9B057F8AC134}.Debug|x86.ActiveCfg = Debug|Any CPU
		{4B15C845-B5BD-4105-AE91-9B057F8AC134}.Debug|x86.Build.0 = Debug|Any CPU
		{4B15C845-B5BD-4105-AE91-9B057F8AC134}.Release|Any CPU.ActiveCfg = Release|Any CPU
		{4B15C845-B5BD-4105-AE91-9B057F8AC134}.Release|Any CPU.Build.0 = Release|Any CPU
		{4B15C845-B5BD-4105-AE91-9B057F8AC134}.Release|x64.ActiveCfg = Release|Any CPU
		{4B15C845-B5BD-4105-AE91-9B057F8AC134}.Release|x64.Build.0 = Release|Any CPU
		{4B15C845-B5BD-4105-AE91-9B057F8AC134}.Release|x86.ActiveCfg = Release|Any CPU
		{4B15C845-B5BD-4105-AE91-9B057F8AC134}.Release|x86.Build.0 = Release|Any CPU
		{4B15C845-B5BD-4105-AE91-9B057F8AC134}.Debug|Any CPU.ActiveCfg = Debug|Any CPU
		{4B15C845-B5BD-4105-AE91-9B057F8AC134}.Debug|Any CPU.Build.0 = Debug|Any CPU
		{FCB2EF97-BA34-49F7-B859-68E1AC98877E}.Debug|Any CPU.ActiveCfg = Debug|Any CPU
		{FCB2EF97-BA34-49F7-B859-68E1AC98877E}.Debug|Any CPU.Build.0 = Debug|Any CPU
		{FCB2EF97-BA34-49F7-B859-68E1AC98877E}.Debug|x64.ActiveCfg = Debug|Any CPU
		{FCB2EF97-BA34-49F7-B859-68E1AC98877E}.Debug|x64.Build.0 = Debug|Any CPU
		{FCB2EF97-BA34-49F7-B859-68E1AC98877E}.Debug|x86.ActiveCfg = Debug|Any CPU
		{FCB2EF97-BA34-49F7-B859-68E1AC98877E}.Debug|x86.Build.0 = Debug|Any CPU
		{FCB2EF97-BA34-49F7-B859-68E1AC98877E}.Release|Any CPU.ActiveCfg = Release|Any CPU
		{FCB2EF97-BA34-49F7-B859-68E1AC98877E}.Release|Any CPU.Build.0 = Release|Any CPU
		{FCB2EF97-BA34-49F7-B859-68E1AC98877E}.Release|x64.ActiveCfg = Release|Any CPU
		{FCB2EF97-BA34-49F7-B859-68E1AC98877E}.Release|x64.Build.0 = Release|Any CPU
		{FCB2EF97-BA34-49F7-B859-68E1AC98877E}.Release|x86.ActiveCfg = Release|Any CPU
		{FCB2EF97-BA34-49F7-B859-68E1AC98877E}.Release|x86.Build.0 = Release|Any CPU
		{1D028A2B-515C-49E2-923B-094CBD89BE5A}.Debug|Any CPU.ActiveCfg = Debug|Any CPU
		{1D028A2B-515C-49E2-923B-094CBD89BE5A}.Debug|Any CPU.Build.0 = Debug|Any CPU
		{1D028A2B-515C-49E2-923B-094CBD89BE5A}.Debug|x64.ActiveCfg = Debug|Any CPU
		{1D028A2B-515C-49E2-923B-094CBD89BE5A}.Debug|x64.Build.0 = Debug|Any CPU
		{1D028A2B-515C-49E2-923B-094CBD89BE5A}.Debug|x86.ActiveCfg = Debug|Any CPU
		{1D028A2B-515C-49E2-923B-094CBD89BE5A}.Debug|x86.Build.0 = Debug|Any CPU
		{1D028A2B-515C-49E2-923B-094CBD89BE5A}.Release|Any CPU.ActiveCfg = Release|Any CPU
		{1D028A2B-515C-49E2-923B-094CBD89BE5A}.Release|Any CPU.Build.0 = Release|Any CPU
		{1D028A2B-515C-49E2-923B-094CBD89BE5A}.Release|x64.ActiveCfg = Release|Any CPU
		{1D028A2B-515C-49E2-923B-094CBD89BE5A}.Release|x64.Build.0 = Release|Any CPU
		{1D028A2B-515C-49E2-923B-094CBD89BE5A}.Release|x86.ActiveCfg = Release|Any CPU
		{1D028A2B-515C-49E2-923B-094CBD89BE5A}.Release|x86.Build.0 = Release|Any CPU
		{1D5E890A-C9D5-45DF-B098-73DBE39EB311}.Debug|Any CPU.ActiveCfg = Debug|Any CPU
		{1D5E890A-C9D5-45DF-B098-73DBE39EB311}.Debug|Any CPU.Build.0 = Debug|Any CPU
		{1D5E890A-C9D5-45DF-B098-73DBE39EB311}.Debug|x64.ActiveCfg = Debug|Any CPU
		{1D5E890A-C9D5-45DF-B098-73DBE39EB311}.Debug|x64.Build.0 = Debug|Any CPU
		{1D5E890A-C9D5-45DF-B098-73DBE39EB311}.Debug|x86.ActiveCfg = Debug|Any CPU
		{1D5E890A-C9D5-45DF-B098-73DBE39EB311}.Debug|x86.Build.0 = Debug|Any CPU
		{1D5E890A-C9D5-45DF-B098-73DBE39EB311}.Release|Any CPU.ActiveCfg = Release|Any CPU
		{1D5E890A-C9D5-45DF-B098-73DBE39EB311}.Release|Any CPU.Build.0 = Release|Any CPU
		{1D5E890A-C9D5-45DF-B098-73DBE39EB311}.Release|x64.ActiveCfg = Release|Any CPU
		{1D5E890A-C9D5-45DF-B098-73DBE39EB311}.Release|x64.Build.0 = Release|Any CPU
		{1D5E890A-C9D5-45DF-B098-73DBE39EB311}.Release|x86.ActiveCfg = Release|Any CPU
		{1D5E890A-C9D5-45DF-B098-73DBE39EB311}.Release|x86.Build.0 = Release|Any CPU
		{B29C9195-BEE7-4291-B57C-990425CDEF81}.Debug|Any CPU.ActiveCfg = Debug|Any CPU
		{B29C9195-BEE7-4291-B57C-990425CDEF81}.Debug|Any CPU.Build.0 = Debug|Any CPU
		{B29C9195-BEE7-4291-B57C-990425CDEF81}.Debug|x64.ActiveCfg = Debug|Any CPU
		{B29C9195-BEE7-4291-B57C-990425CDEF81}.Debug|x64.Build.0 = Debug|Any CPU
		{B29C9195-BEE7-4291-B57C-990425CDEF81}.Debug|x86.ActiveCfg = Debug|Any CPU
		{B29C9195-BEE7-4291-B57C-990425CDEF81}.Debug|x86.Build.0 = Debug|Any CPU
		{B29C9195-BEE7-4291-B57C-990425CDEF81}.Release|Any CPU.ActiveCfg = Release|Any CPU
		{B29C9195-BEE7-4291-B57C-990425CDEF81}.Release|Any CPU.Build.0 = Release|Any CPU
		{B29C9195-BEE7-4291-B57C-990425CDEF81}.Release|x64.ActiveCfg = Release|Any CPU
		{B29C9195-BEE7-4291-B57C-990425CDEF81}.Release|x64.Build.0 = Release|Any CPU
		{B29C9195-BEE7-4291-B57C-990425CDEF81}.Release|x86.ActiveCfg = Release|Any CPU
		{B29C9195-BEE7-4291-B57C-990425CDEF81}.Release|x86.Build.0 = Release|Any CPU
		{282BD9C1-E826-4D8E-AEB9-E024F110A683}.Debug|Any CPU.ActiveCfg = Debug|Any CPU
		{282BD9C1-E826-4D8E-AEB9-E024F110A683}.Debug|Any CPU.Build.0 = Debug|Any CPU
		{282BD9C1-E826-4D8E-AEB9-E024F110A683}.Debug|x64.ActiveCfg = Debug|Any CPU
		{282BD9C1-E826-4D8E-AEB9-E024F110A683}.Debug|x64.Build.0 = Debug|Any CPU
		{282BD9C1-E826-4D8E-AEB9-E024F110A683}.Debug|x86.ActiveCfg = Debug|Any CPU
		{282BD9C1-E826-4D8E-AEB9-E024F110A683}.Debug|x86.Build.0 = Debug|Any CPU
		{282BD9C1-E826-4D8E-AEB9-E024F110A683}.Release|Any CPU.ActiveCfg = Release|Any CPU
		{282BD9C1-E826-4D8E-AEB9-E024F110A683}.Release|Any CPU.Build.0 = Release|Any CPU
		{282BD9C1-E826-4D8E-AEB9-E024F110A683}.Release|x64.ActiveCfg = Release|Any CPU
		{282BD9C1-E826-4D8E-AEB9-E024F110A683}.Release|x64.Build.0 = Release|Any CPU
		{282BD9C1-E826-4D8E-AEB9-E024F110A683}.Release|x86.ActiveCfg = Release|Any CPU
		{282BD9C1-E826-4D8E-AEB9-E024F110A683}.Release|x86.Build.0 = Release|Any CPU
		{6DF76C4A-B576-43B8-B079-457116445899}.Debug|Any CPU.ActiveCfg = Debug|Any CPU
		{6DF76C4A-B576-43B8-B079-457116445899}.Debug|Any CPU.Build.0 = Debug|Any CPU
		{6DF76C4A-B576-43B8-B079-457116445899}.Debug|x64.ActiveCfg = Debug|Any CPU
		{6DF76C4A-B576-43B8-B079-457116445899}.Debug|x64.Build.0 = Debug|Any CPU
		{6DF76C4A-B576-43B8-B079-457116445899}.Debug|x86.ActiveCfg = Debug|Any CPU
		{6DF76C4A-B576-43B8-B079-457116445899}.Debug|x86.Build.0 = Debug|Any CPU
		{6DF76C4A-B576-43B8-B079-457116445899}.Release|Any CPU.ActiveCfg = Release|Any CPU
		{6DF76C4A-B576-43B8-B079-457116445899}.Release|Any CPU.Build.0 = Release|Any CPU
		{6DF76C4A-B576-43B8-B079-457116445899}.Release|x64.ActiveCfg = Release|Any CPU
		{6DF76C4A-B576-43B8-B079-457116445899}.Release|x64.Build.0 = Release|Any CPU
		{6DF76C4A-B576-43B8-B079-457116445899}.Release|x86.ActiveCfg = Release|Any CPU
		{6DF76C4A-B576-43B8-B079-457116445899}.Release|x86.Build.0 = Release|Any CPU
		{86787999-9156-4DC5-B88F-BDD15EA94FAF}.Debug|Any CPU.ActiveCfg = Debug|Any CPU
		{86787999-9156-4DC5-B88F-BDD15EA94FAF}.Debug|Any CPU.Build.0 = Debug|Any CPU
		{86787999-9156-4DC5-B88F-BDD15EA94FAF}.Debug|x64.ActiveCfg = Debug|Any CPU
		{86787999-9156-4DC5-B88F-BDD15EA94FAF}.Debug|x64.Build.0 = Debug|Any CPU
		{86787999-9156-4DC5-B88F-BDD15EA94FAF}.Debug|x86.ActiveCfg = Debug|Any CPU
		{86787999-9156-4DC5-B88F-BDD15EA94FAF}.Debug|x86.Build.0 = Debug|Any CPU
		{86787999-9156-4DC5-B88F-BDD15EA94FAF}.Release|Any CPU.ActiveCfg = Release|Any CPU
		{86787999-9156-4DC5-B88F-BDD15EA94FAF}.Release|Any CPU.Build.0 = Release|Any CPU
		{86787999-9156-4DC5-B88F-BDD15EA94FAF}.Release|x64.ActiveCfg = Release|Any CPU
		{86787999-9156-4DC5-B88F-BDD15EA94FAF}.Release|x64.Build.0 = Release|Any CPU
		{86787999-9156-4DC5-B88F-BDD15EA94FAF}.Release|x86.ActiveCfg = Release|Any CPU
		{86787999-9156-4DC5-B88F-BDD15EA94FAF}.Release|x86.Build.0 = Release|Any CPU
		{062E7EAC-C6BF-4498-BC93-9E0D86786D87}.Debug|Any CPU.ActiveCfg = Debug|Any CPU
		{062E7EAC-C6BF-4498-BC93-9E0D86786D87}.Debug|Any CPU.Build.0 = Debug|Any CPU
		{062E7EAC-C6BF-4498-BC93-9E0D86786D87}.Debug|x64.ActiveCfg = Debug|Any CPU
		{062E7EAC-C6BF-4498-BC93-9E0D86786D87}.Debug|x64.Build.0 = Debug|Any CPU
		{062E7EAC-C6BF-4498-BC93-9E0D86786D87}.Debug|x86.ActiveCfg = Debug|Any CPU
		{062E7EAC-C6BF-4498-BC93-9E0D86786D87}.Debug|x86.Build.0 = Debug|Any CPU
		{062E7EAC-C6BF-4498-BC93-9E0D86786D87}.Release|Any CPU.ActiveCfg = Release|Any CPU
		{062E7EAC-C6BF-4498-BC93-9E0D86786D87}.Release|Any CPU.Build.0 = Release|Any CPU
		{062E7EAC-C6BF-4498-BC93-9E0D86786D87}.Release|x64.ActiveCfg = Release|Any CPU
		{062E7EAC-C6BF-4498-BC93-9E0D86786D87}.Release|x64.Build.0 = Release|Any CPU
		{062E7EAC-C6BF-4498-BC93-9E0D86786D87}.Release|x86.ActiveCfg = Release|Any CPU
		{062E7EAC-C6BF-4498-BC93-9E0D86786D87}.Release|x86.Build.0 = Release|Any CPU
		{723E45AB-6C47-41DA-AD2E-C290B7356075}.Debug|Any CPU.ActiveCfg = Debug|Any CPU
		{723E45AB-6C47-41DA-AD2E-C290B7356075}.Debug|Any CPU.Build.0 = Debug|Any CPU
		{723E45AB-6C47-41DA-AD2E-C290B7356075}.Debug|x64.ActiveCfg = Debug|Any CPU
		{723E45AB-6C47-41DA-AD2E-C290B7356075}.Debug|x64.Build.0 = Debug|Any CPU
		{723E45AB-6C47-41DA-AD2E-C290B7356075}.Debug|x86.ActiveCfg = Debug|Any CPU
		{723E45AB-6C47-41DA-AD2E-C290B7356075}.Debug|x86.Build.0 = Debug|Any CPU
		{723E45AB-6C47-41DA-AD2E-C290B7356075}.Release|Any CPU.ActiveCfg = Release|Any CPU
		{723E45AB-6C47-41DA-AD2E-C290B7356075}.Release|Any CPU.Build.0 = Release|Any CPU
		{723E45AB-6C47-41DA-AD2E-C290B7356075}.Release|x64.ActiveCfg = Release|Any CPU
		{723E45AB-6C47-41DA-AD2E-C290B7356075}.Release|x64.Build.0 = Release|Any CPU
		{723E45AB-6C47-41DA-AD2E-C290B7356075}.Release|x86.ActiveCfg = Release|Any CPU
		{723E45AB-6C47-41DA-AD2E-C290B7356075}.Release|x86.Build.0 = Release|Any CPU
		{DD45FBF1-3622-4862-9015-D03B5473E4B9}.Debug|Any CPU.ActiveCfg = Debug|Any CPU
		{DD45FBF1-3622-4862-9015-D03B5473E4B9}.Debug|Any CPU.Build.0 = Debug|Any CPU
		{DD45FBF1-3622-4862-9015-D03B5473E4B9}.Debug|x64.ActiveCfg = Debug|Any CPU
		{DD45FBF1-3622-4862-9015-D03B5473E4B9}.Debug|x64.Build.0 = Debug|Any CPU
		{DD45FBF1-3622-4862-9015-D03B5473E4B9}.Debug|x86.ActiveCfg = Debug|Any CPU
		{DD45FBF1-3622-4862-9015-D03B5473E4B9}.Debug|x86.Build.0 = Debug|Any CPU
		{DD45FBF1-3622-4862-9015-D03B5473E4B9}.Release|Any CPU.ActiveCfg = Release|Any CPU
		{DD45FBF1-3622-4862-9015-D03B5473E4B9}.Release|Any CPU.Build.0 = Release|Any CPU
		{DD45FBF1-3622-4862-9015-D03B5473E4B9}.Release|x64.ActiveCfg = Release|Any CPU
		{DD45FBF1-3622-4862-9015-D03B5473E4B9}.Release|x64.Build.0 = Release|Any CPU
		{DD45FBF1-3622-4862-9015-D03B5473E4B9}.Release|x86.ActiveCfg = Release|Any CPU
		{DD45FBF1-3622-4862-9015-D03B5473E4B9}.Release|x86.Build.0 = Release|Any CPU
	EndGlobalSection
	GlobalSection(SolutionProperties) = preSolution
		HideSolutionNode = FALSE
	EndGlobalSection
	GlobalSection(NestedProjects) = preSolution
		{CCF5D7E3-D5C6-4DE6-BB2D-1A931602F1AB} = {46008B91-6EC0-448B-8D1A-D8C6D2EEBEF4}
		{20CA1FD3-A23B-4F12-ADA5-C3B759814F9D} = {46008B91-6EC0-448B-8D1A-D8C6D2EEBEF4}
		{1059524B-9F01-4C3E-8A7C-6BBDD1D174C7} = {46008B91-6EC0-448B-8D1A-D8C6D2EEBEF4}
		{6AFC109E-85DE-4A14-9C81-95D93C3F90AE} = {46008B91-6EC0-448B-8D1A-D8C6D2EEBEF4}
		{4B15C845-B5BD-4105-AE91-9B057F8AC134} = {46008B91-6EC0-448B-8D1A-D8C6D2EEBEF4}
		{FCB2EF97-BA34-49F7-B859-68E1AC98877E} = {1272AF7B-A962-4BA4-8A9C-FFA7E131A0AC}
		{1D028A2B-515C-49E2-923B-094CBD89BE5A} = {1272AF7B-A962-4BA4-8A9C-FFA7E131A0AC}
		{1D5E890A-C9D5-45DF-B098-73DBE39EB311} = {46008B91-6EC0-448B-8D1A-D8C6D2EEBEF4}
		{B29C9195-BEE7-4291-B57C-990425CDEF81} = {1272AF7B-A962-4BA4-8A9C-FFA7E131A0AC}
		{282BD9C1-E826-4D8E-AEB9-E024F110A683} = {B8E3260F-234B-4663-9002-F67B2FC4B15E}
		{6DF76C4A-B576-43B8-B079-457116445899} = {B8E3260F-234B-4663-9002-F67B2FC4B15E}
		{86787999-9156-4DC5-B88F-BDD15EA94FAF} = {B8E3260F-234B-4663-9002-F67B2FC4B15E}
		{062E7EAC-C6BF-4498-BC93-9E0D86786D87} = {B8E3260F-234B-4663-9002-F67B2FC4B15E}
		{723E45AB-6C47-41DA-AD2E-C290B7356075} = {B8E3260F-234B-4663-9002-F67B2FC4B15E}
		{DD45FBF1-3622-4862-9015-D03B5473E4B9} = {B8E3260F-234B-4663-9002-F67B2FC4B15E}
	EndGlobalSection
	GlobalSection(ExtensibilityGlobals) = postSolution
		SolutionGuid = {EABC01E3-3EB5-47EF-B46E-AAD8BB3585F1}
	EndGlobalSection
EndGlobal
